
Microsoft Visual Studio Solution File, Format Version 12.00
# Visual Studio Version 17
VisualStudioVersion = 17.6.33712.159
MinimumVisualStudioVersion = 10.0.40219.1
Project("{9A19103F-16F7-4668-BE54-9A1E7A4F7556}") = "AuroraSMS", "AuroraSMS\AuroraSMS.csproj", "{DBA570DB-FBFA-4B7B-9B3A-39E6E01BF51C}"
EndProject
Project("{E53339B2-1760-4266-BCC7-CA923CBCF16C}") = "docker-compose", "docker-compose.dcproj", "{C2BA100C-DBCD-4087-BA13-7E79EDF4EAF3}"
EndProject
Project("{FAE04EC0-301F-11D3-BF4B-00C04F79EFBC}") = "AuroraSMS-Android", "..\AuroraSMS-Android\AuroraSMS-Android.csproj", "{60565896-88B6-4738-88CC-9584E96FBAC9}"
EndProject
Global
	GlobalSection(SolutionConfigurationPlatforms) = preSolution
		Debug|Any CPU = Debug|Any CPU
		Release|Any CPU = Release|Any CPU
	EndGlobalSection
	GlobalSection(ProjectConfigurationPlatforms) = postSolution
		{DBA570DB-FBFA-4B7B-9B3A-39E6E01BF51C}.Debug|Any CPU.ActiveCfg = Debug|Any CPU
		{DBA570DB-FBFA-4B7B-9B3A-39E6E01BF51C}.Debug|Any CPU.Build.0 = Debug|Any CPU
		{DBA570DB-FBFA-4B7B-9B3A-39E6E01BF51C}.Release|Any CPU.ActiveCfg = Release|Any CPU
		{DBA570DB-FBFA-4B7B-9B3A-39E6E01BF51C}.Release|Any CPU.Build.0 = Release|Any CPU
		{C2BA100C-DBCD-4087-BA13-7E79EDF4EAF3}.Debug|Any CPU.ActiveCfg = Debug|Any CPU
		{C2BA100C-DBCD-4087-BA13-7E79EDF4EAF3}.Debug|Any CPU.Build.0 = Debug|Any CPU
		{C2BA100C-DBCD-4087-BA13-7E79EDF4EAF3}.Release|Any CPU.ActiveCfg = Release|Any CPU
		{C2BA100C-DBCD-4087-BA13-7E79EDF4EAF3}.Release|Any CPU.Build.0 = Release|Any CPU
		{60565896-88B6-4738-88CC-9584E96FBAC9}.Debug|Any CPU.ActiveCfg = Debug|Any CPU
		{60565896-88B6-4738-88CC-9584E96FBAC9}.Debug|Any CPU.Build.0 = Debug|Any CPU
		{60565896-88B6-4738-88CC-9584E96FBAC9}.Debug|Any CPU.Deploy.0 = Debug|Any CPU
		{60565896-88B6-4738-88CC-9584E96FBAC9}.Release|Any CPU.ActiveCfg = Release|Any CPU
		{60565896-88B6-4738-88CC-9584E96FBAC9}.Release|Any CPU.Build.0 = Release|Any CPU
		{60565896-88B6-4738-88CC-9584E96FBAC9}.Release|Any CPU.Deploy.0 = Release|Any CPU
	EndGlobalSection
	GlobalSection(SolutionProperties) = preSolution
		HideSolutionNode = FALSE
	EndGlobalSection
	GlobalSection(ExtensibilityGlobals) = postSolution
		SolutionGuid = {F2B7BACD-B794-4625-BAA1-1FC7EC5AA0B3}
	EndGlobalSection
EndGlobal
